
Microsoft Visual Studio Solution File, Format Version 12.00
# Visual Studio Version 17
VisualStudioVersion = 17.9.34701.34
MinimumVisualStudioVersion = 10.0.40219.1
Project("{FAE04EC0-301F-11D3-BF4B-00C04F79EFBC}") = "Review Inheritance", "Review Inheritance\Review Inheritance.csproj", "{D951DEDA-C7A8-4F77-8DB9-2B219F9210CC}"
EndProject
Global
	GlobalSection(SolutionConfigurationPlatforms) = preSolution
		Debug|Any CPU = Debug|Any CPU
		Release|Any CPU = Release|Any CPU
	EndGlobalSection
	GlobalSection(ProjectConfigurationPlatforms) = postSolution
		{D951DEDA-C7A8-4F77-8DB9-2B219F9210CC}.Debug|Any CPU.ActiveCfg = Debug|Any CPU
		{D951DEDA-C7A8-4F77-8DB9-2B219F9210CC}.Debug|Any CPU.Build.0 = Debug|Any CPU
		{D951DEDA-C7A8-4F77-8DB9-2B219F9210CC}.Release|Any CPU.ActiveCfg = Release|Any CPU
		{D951DEDA-C7A8-4F77-8DB9-2B219F9210CC}.Release|Any CPU.Build.0 = Release|Any CPU
	EndGlobalSection
	GlobalSection(SolutionProperties) = preSolution
		HideSolutionNode = FALSE
	EndGlobalSection
	GlobalSection(ExtensibilityGlobals) = postSolution
		SolutionGuid = {BCD46030-1663-4A1E-B8DF-C21053984ACA}
	EndGlobalSection
EndGlobal
